// !$*UTF8*$!
{
	archiveVersion = 1;
	classes = {
	};
	objectVersion = 50;
	objects = {

/* Begin PBXBuildFile section */
		18259199235A3C3900F09650 /* Main.storyboard in Resources */ = {isa = PBXBuildFile; fileRef = 18259198235A3C3900F09650 /* Main.storyboard */; };
		1825919A235A3C3900F09650 /* Main.storyboard in Resources */ = {isa = PBXBuildFile; fileRef = 18259198235A3C3900F09650 /* Main.storyboard */; };
		1825919B235A3C3900F09650 /* Main.storyboard in Resources */ = {isa = PBXBuildFile; fileRef = 18259198235A3C3900F09650 /* Main.storyboard */; };
		189A2BB2235D9926004921CE /* DetailsViewController.swift in Sources */ = {isa = PBXBuildFile; fileRef = 189A2BB1235D9926004921CE /* DetailsViewController.swift */; };
		18A35B71234B91F0006D55CF /* AppDelegate.swift in Sources */ = {isa = PBXBuildFile; fileRef = 18A35B70234B91F0006D55CF /* AppDelegate.swift */; };
		18A35B73234B91F0006D55CF /* ViewController.swift in Sources */ = {isa = PBXBuildFile; fileRef = 18A35B72234B91F0006D55CF /* ViewController.swift */; };
		18A35B75234B91F2006D55CF /* Assets.xcassets in Resources */ = {isa = PBXBuildFile; fileRef = 18A35B74234B91F2006D55CF /* Assets.xcassets */; };
		18A35B84234B91F2006D55CF /* weebanalyserTests.swift in Sources */ = {isa = PBXBuildFile; fileRef = 18A35B83234B91F2006D55CF /* weebanalyserTests.swift */; };
		18A35B8F234B91F2006D55CF /* weebanalyserUITests.swift in Sources */ = {isa = PBXBuildFile; fileRef = 18A35B8E234B91F2006D55CF /* weebanalyserUITests.swift */; };
		7B7BE22F7E8736BDA40B768C /* Pods_weebanalyserTests.framework in Frameworks */ = {isa = PBXBuildFile; fileRef = 7D9D28FBF7DD5A66F0A4686D /* Pods_weebanalyserTests.framework */; };
		A60EC4A18E15A304B833A66B /* Pods_weebanalyserUITests.framework in Frameworks */ = {isa = PBXBuildFile; fileRef = DB2DB5BA9432A34F133EE2AB /* Pods_weebanalyserUITests.framework */; };
		BAD9EC3834DF7018A1394FB2 /* Pods_weebanalyser.framework in Frameworks */ = {isa = PBXBuildFile; fileRef = DEECC39C7A90FE0293336141 /* Pods_weebanalyser.framework */; };
/* End PBXBuildFile section */

/* Begin PBXContainerItemProxy section */
		18A35B80234B91F2006D55CF /* PBXContainerItemProxy */ = {
			isa = PBXContainerItemProxy;
			containerPortal = 18A35B65234B91F0006D55CF /* Project object */;
			proxyType = 1;
			remoteGlobalIDString = 18A35B6C234B91F0006D55CF;
			remoteInfo = weebanalyser;
		};
		18A35B8B234B91F2006D55CF /* PBXContainerItemProxy */ = {
			isa = PBXContainerItemProxy;
			containerPortal = 18A35B65234B91F0006D55CF /* Project object */;
			proxyType = 1;
			remoteGlobalIDString = 18A35B6C234B91F0006D55CF;
			remoteInfo = weebanalyser;
		};
/* End PBXContainerItemProxy section */

/* Begin PBXFileReference section */
		18259198235A3C3900F09650 /* Main.storyboard */ = {isa = PBXFileReference; fileEncoding = 4; lastKnownFileType = file.storyboard; path = Main.storyboard; sourceTree = SOURCE_ROOT; };
		189A2BB1235D9926004921CE /* DetailsViewController.swift */ = {isa = PBXFileReference; fileEncoding = 4; lastKnownFileType = sourcecode.swift; path = DetailsViewController.swift; sourceTree = "<group>"; };
		18A35B6D234B91F0006D55CF /* weebanalyser.app */ = {isa = PBXFileReference; explicitFileType = wrapper.application; includeInIndex = 0; path = weebanalyser.app; sourceTree = BUILT_PRODUCTS_DIR; };
		18A35B70234B91F0006D55CF /* AppDelegate.swift */ = {isa = PBXFileReference; lastKnownFileType = sourcecode.swift; path = AppDelegate.swift; sourceTree = "<group>"; };
		18A35B72234B91F0006D55CF /* ViewController.swift */ = {isa = PBXFileReference; lastKnownFileType = sourcecode.swift; path = ViewController.swift; sourceTree = "<group>"; };
		18A35B74234B91F2006D55CF /* Assets.xcassets */ = {isa = PBXFileReference; lastKnownFileType = folder.assetcatalog; path = Assets.xcassets; sourceTree = "<group>"; };
		18A35B79234B91F2006D55CF /* Info.plist */ = {isa = PBXFileReference; lastKnownFileType = text.plist.xml; path = Info.plist; sourceTree = "<group>"; };
		18A35B7A234B91F2006D55CF /* weebanalyser.entitlements */ = {isa = PBXFileReference; lastKnownFileType = text.plist.entitlements; path = weebanalyser.entitlements; sourceTree = "<group>"; };
		18A35B7F234B91F2006D55CF /* weebanalyserTests.xctest */ = {isa = PBXFileReference; explicitFileType = wrapper.cfbundle; includeInIndex = 0; path = weebanalyserTests.xctest; sourceTree = BUILT_PRODUCTS_DIR; };
		18A35B83234B91F2006D55CF /* weebanalyserTests.swift */ = {isa = PBXFileReference; lastKnownFileType = sourcecode.swift; path = weebanalyserTests.swift; sourceTree = "<group>"; };
		18A35B85234B91F2006D55CF /* Info.plist */ = {isa = PBXFileReference; lastKnownFileType = text.plist.xml; path = Info.plist; sourceTree = "<group>"; };
		18A35B8A234B91F2006D55CF /* weebanalyserUITests.xctest */ = {isa = PBXFileReference; explicitFileType = wrapper.cfbundle; includeInIndex = 0; path = weebanalyserUITests.xctest; sourceTree = BUILT_PRODUCTS_DIR; };
		18A35B8E234B91F2006D55CF /* weebanalyserUITests.swift */ = {isa = PBXFileReference; lastKnownFileType = sourcecode.swift; path = weebanalyserUITests.swift; sourceTree = "<group>"; };
		18A35B90234B91F2006D55CF /* Info.plist */ = {isa = PBXFileReference; lastKnownFileType = text.plist.xml; path = Info.plist; sourceTree = "<group>"; };
		45AA26DF3C63400501ACCCE8 /* Pods-weebanalyser.release.xcconfig */ = {isa = PBXFileReference; includeInIndex = 1; lastKnownFileType = text.xcconfig; name = "Pods-weebanalyser.release.xcconfig"; path = "Pods/Target Support Files/Pods-weebanalyser/Pods-weebanalyser.release.xcconfig"; sourceTree = "<group>"; };
		48CB7F8F34C197CD24EF1381 /* Pods-weebanalyser.debug.xcconfig */ = {isa = PBXFileReference; includeInIndex = 1; lastKnownFileType = text.xcconfig; name = "Pods-weebanalyser.debug.xcconfig"; path = "Pods/Target Support Files/Pods-weebanalyser/Pods-weebanalyser.debug.xcconfig"; sourceTree = "<group>"; };
		7D9D28FBF7DD5A66F0A4686D /* Pods_weebanalyserTests.framework */ = {isa = PBXFileReference; explicitFileType = wrapper.framework; includeInIndex = 0; path = Pods_weebanalyserTests.framework; sourceTree = BUILT_PRODUCTS_DIR; };
		A75D36FC84AFA32CF4F097E0 /* Pods-weebanalyserUITests.release.xcconfig */ = {isa = PBXFileReference; includeInIndex = 1; lastKnownFileType = text.xcconfig; name = "Pods-weebanalyserUITests.release.xcconfig"; path = "Pods/Target Support Files/Pods-weebanalyserUITests/Pods-weebanalyserUITests.release.xcconfig"; sourceTree = "<group>"; };
		C721AE187EF1536E2F33363F /* Pods-weebanalyserUITests.debug.xcconfig */ = {isa = PBXFileReference; includeInIndex = 1; lastKnownFileType = text.xcconfig; name = "Pods-weebanalyserUITests.debug.xcconfig"; path = "Pods/Target Support Files/Pods-weebanalyserUITests/Pods-weebanalyserUITests.debug.xcconfig"; sourceTree = "<group>"; };
		DB2DB5BA9432A34F133EE2AB /* Pods_weebanalyserUITests.framework */ = {isa = PBXFileReference; explicitFileType = wrapper.framework; includeInIndex = 0; path = Pods_weebanalyserUITests.framework; sourceTree = BUILT_PRODUCTS_DIR; };
		DEECC39C7A90FE0293336141 /* Pods_weebanalyser.framework */ = {isa = PBXFileReference; explicitFileType = wrapper.framework; includeInIndex = 0; path = Pods_weebanalyser.framework; sourceTree = BUILT_PRODUCTS_DIR; };
		E74C58167727C0996F6EE8C2 /* Pods-weebanalyserTests.release.xcconfig */ = {isa = PBXFileReference; includeInIndex = 1; lastKnownFileType = text.xcconfig; name = "Pods-weebanalyserTests.release.xcconfig"; path = "Pods/Target Support Files/Pods-weebanalyserTests/Pods-weebanalyserTests.release.xcconfig"; sourceTree = "<group>"; };
		F612E290D0C611E22530BFA0 /* Pods-weebanalyserTests.debug.xcconfig */ = {isa = PBXFileReference; includeInIndex = 1; lastKnownFileType = text.xcconfig; name = "Pods-weebanalyserTests.debug.xcconfig"; path = "Pods/Target Support Files/Pods-weebanalyserTests/Pods-weebanalyserTests.debug.xcconfig"; sourceTree = "<group>"; };
/* End PBXFileReference section */

/* Begin PBXFrameworksBuildPhase section */
		18A35B6A234B91F0006D55CF /* Frameworks */ = {
			isa = PBXFrameworksBuildPhase;
			buildActionMask = 2147483647;
			files = (
				BAD9EC3834DF7018A1394FB2 /* Pods_weebanalyser.framework in Frameworks */,
			);
			runOnlyForDeploymentPostprocessing = 0;
		};
		18A35B7C234B91F2006D55CF /* Frameworks */ = {
			isa = PBXFrameworksBuildPhase;
			buildActionMask = 2147483647;
			files = (
				7B7BE22F7E8736BDA40B768C /* Pods_weebanalyserTests.framework in Frameworks */,
			);
			runOnlyForDeploymentPostprocessing = 0;
		};
		18A35B87234B91F2006D55CF /* Frameworks */ = {
			isa = PBXFrameworksBuildPhase;
			buildActionMask = 2147483647;
			files = (
				A60EC4A18E15A304B833A66B /* Pods_weebanalyserUITests.framework in Frameworks */,
			);
			runOnlyForDeploymentPostprocessing = 0;
		};
/* End PBXFrameworksBuildPhase section */

/* Begin PBXGroup section */
		03BFB4DFFD6F09EE33A1DA41 /* Pods */ = {
			isa = PBXGroup;
			children = (
				48CB7F8F34C197CD24EF1381 /* Pods-weebanalyser.debug.xcconfig */,
				45AA26DF3C63400501ACCCE8 /* Pods-weebanalyser.release.xcconfig */,
				F612E290D0C611E22530BFA0 /* Pods-weebanalyserTests.debug.xcconfig */,
				E74C58167727C0996F6EE8C2 /* Pods-weebanalyserTests.release.xcconfig */,
				C721AE187EF1536E2F33363F /* Pods-weebanalyserUITests.debug.xcconfig */,
				A75D36FC84AFA32CF4F097E0 /* Pods-weebanalyserUITests.release.xcconfig */,
			);
			name = Pods;
			sourceTree = "<group>";
		};
		18A35B64234B91F0006D55CF = {
			isa = PBXGroup;
			children = (
				18A35B6F234B91F0006D55CF /* weebanalyser */,
				18A35B82234B91F2006D55CF /* weebanalyserTests */,
				18A35B8D234B91F2006D55CF /* weebanalyserUITests */,
				18A35B6E234B91F0006D55CF /* Products */,
				03BFB4DFFD6F09EE33A1DA41 /* Pods */,
				C23C7D0388F9A13AF2F4671D /* Frameworks */,
			);
			sourceTree = "<group>";
		};
		18A35B6E234B91F0006D55CF /* Products */ = {
			isa = PBXGroup;
			children = (
				18A35B6D234B91F0006D55CF /* weebanalyser.app */,
				18A35B7F234B91F2006D55CF /* weebanalyserTests.xctest */,
				18A35B8A234B91F2006D55CF /* weebanalyserUITests.xctest */,
			);
			name = Products;
			sourceTree = "<group>";
		};
		18A35B6F234B91F0006D55CF /* weebanalyser */ = {
			isa = PBXGroup;
			children = (
				18A35B70234B91F0006D55CF /* AppDelegate.swift */,
				18A35B72234B91F0006D55CF /* ViewController.swift */,
				189A2BB1235D9926004921CE /* DetailsViewController.swift */,
				18A35B74234B91F2006D55CF /* Assets.xcassets */,
				18A35B79234B91F2006D55CF /* Info.plist */,
				18A35B7A234B91F2006D55CF /* weebanalyser.entitlements */,
				18259198235A3C3900F09650 /* Main.storyboard */,
			);
			path = weebanalyser;
			sourceTree = "<group>";
		};
		18A35B82234B91F2006D55CF /* weebanalyserTests */ = {
			isa = PBXGroup;
			children = (
				18A35B83234B91F2006D55CF /* weebanalyserTests.swift */,
				18A35B85234B91F2006D55CF /* Info.plist */,
			);
			path = weebanalyserTests;
			sourceTree = "<group>";
		};
		18A35B8D234B91F2006D55CF /* weebanalyserUITests */ = {
			isa = PBXGroup;
			children = (
				18A35B8E234B91F2006D55CF /* weebanalyserUITests.swift */,
				18A35B90234B91F2006D55CF /* Info.plist */,
			);
			path = weebanalyserUITests;
			sourceTree = "<group>";
		};
		C23C7D0388F9A13AF2F4671D /* Frameworks */ = {
			isa = PBXGroup;
			children = (
				DEECC39C7A90FE0293336141 /* Pods_weebanalyser.framework */,
				7D9D28FBF7DD5A66F0A4686D /* Pods_weebanalyserTests.framework */,
				DB2DB5BA9432A34F133EE2AB /* Pods_weebanalyserUITests.framework */,
			);
			name = Frameworks;
			sourceTree = "<group>";
		};
/* End PBXGroup section */

/* Begin PBXNativeTarget section */
		18A35B6C234B91F0006D55CF /* weebanalyser */ = {
			isa = PBXNativeTarget;
			buildConfigurationList = 18A35B93234B91F2006D55CF /* Build configuration list for PBXNativeTarget "weebanalyser" */;
			buildPhases = (
				4A41328B48DF065F0A0B435E /* [CP] Check Pods Manifest.lock */,
				18A35B69234B91F0006D55CF /* Sources */,
				18A35B6A234B91F0006D55CF /* Frameworks */,
				18A35B6B234B91F0006D55CF /* Resources */,
				A4BBD0E889221A24F01E4019 /* [CP] Embed Pods Frameworks */,
			);
			buildRules = (
			);
			dependencies = (
			);
			name = weebanalyser;
			productName = weebanalyser;
			productReference = 18A35B6D234B91F0006D55CF /* weebanalyser.app */;
			productType = "com.apple.product-type.application";
		};
		18A35B7E234B91F2006D55CF /* weebanalyserTests */ = {
			isa = PBXNativeTarget;
			buildConfigurationList = 18A35B96234B91F2006D55CF /* Build configuration list for PBXNativeTarget "weebanalyserTests" */;
			buildPhases = (
				8C6D574DA671FDD380CF5A0B /* [CP] Check Pods Manifest.lock */,
				18A35B7B234B91F2006D55CF /* Sources */,
				18A35B7C234B91F2006D55CF /* Frameworks */,
				18A35B7D234B91F2006D55CF /* Resources */,
			);
			buildRules = (
			);
			dependencies = (
				18A35B81234B91F2006D55CF /* PBXTargetDependency */,
			);
			name = weebanalyserTests;
			productName = weebanalyserTests;
			productReference = 18A35B7F234B91F2006D55CF /* weebanalyserTests.xctest */;
			productType = "com.apple.product-type.bundle.unit-test";
		};
		18A35B89234B91F2006D55CF /* weebanalyserUITests */ = {
			isa = PBXNativeTarget;
			buildConfigurationList = 18A35B99234B91F2006D55CF /* Build configuration list for PBXNativeTarget "weebanalyserUITests" */;
			buildPhases = (
				3008AA4212D695865C0A01B6 /* [CP] Check Pods Manifest.lock */,
				18A35B86234B91F2006D55CF /* Sources */,
				18A35B87234B91F2006D55CF /* Frameworks */,
				18A35B88234B91F2006D55CF /* Resources */,
			);
			buildRules = (
			);
			dependencies = (
				18A35B8C234B91F2006D55CF /* PBXTargetDependency */,
			);
			name = weebanalyserUITests;
			productName = weebanalyserUITests;
			productReference = 18A35B8A234B91F2006D55CF /* weebanalyserUITests.xctest */;
			productType = "com.apple.product-type.bundle.ui-testing";
		};
/* End PBXNativeTarget section */

/* Begin PBXProject section */
		18A35B65234B91F0006D55CF /* Project object */ = {
			isa = PBXProject;
			attributes = {
				LastSwiftUpdateCheck = 1100;
				LastUpgradeCheck = 1120;
				ORGANIZATIONNAME = Yaroster;
				TargetAttributes = {
					18A35B6C234B91F0006D55CF = {
						CreatedOnToolsVersion = 11.0;
					};
					18A35B7E234B91F2006D55CF = {
						CreatedOnToolsVersion = 11.0;
						TestTargetID = 18A35B6C234B91F0006D55CF;
					};
					18A35B89234B91F2006D55CF = {
						CreatedOnToolsVersion = 11.0;
						TestTargetID = 18A35B6C234B91F0006D55CF;
					};
				};
			};
			buildConfigurationList = 18A35B68234B91F0006D55CF /* Build configuration list for PBXProject "weebanalyser" */;
			compatibilityVersion = "Xcode 9.3";
			developmentRegion = en;
			hasScannedForEncodings = 0;
			knownRegions = (
				en,
				Base,
			);
			mainGroup = 18A35B64234B91F0006D55CF;
			productRefGroup = 18A35B6E234B91F0006D55CF /* Products */;
			projectDirPath = "";
			projectRoot = "";
			targets = (
				18A35B6C234B91F0006D55CF /* weebanalyser */,
				18A35B7E234B91F2006D55CF /* weebanalyserTests */,
				18A35B89234B91F2006D55CF /* weebanalyserUITests */,
			);
		};
/* End PBXProject section */

/* Begin PBXResourcesBuildPhase section */
		18A35B6B234B91F0006D55CF /* Resources */ = {
			isa = PBXResourcesBuildPhase;
			buildActionMask = 2147483647;
			files = (
				18A35B75234B91F2006D55CF /* Assets.xcassets in Resources */,
				18259199235A3C3900F09650 /* Main.storyboard in Resources */,
			);
			runOnlyForDeploymentPostprocessing = 0;
		};
		18A35B7D234B91F2006D55CF /* Resources */ = {
			isa = PBXResourcesBuildPhase;
			buildActionMask = 2147483647;
			files = (
				1825919A235A3C3900F09650 /* Main.storyboard in Resources */,
			);
			runOnlyForDeploymentPostprocessing = 0;
		};
		18A35B88234B91F2006D55CF /* Resources */ = {
			isa = PBXResourcesBuildPhase;
			buildActionMask = 2147483647;
			files = (
				1825919B235A3C3900F09650 /* Main.storyboard in Resources */,
			);
			runOnlyForDeploymentPostprocessing = 0;
		};
/* End PBXResourcesBuildPhase section */

/* Begin PBXShellScriptBuildPhase section */
		3008AA4212D695865C0A01B6 /* [CP] Check Pods Manifest.lock */ = {
			isa = PBXShellScriptBuildPhase;
			buildActionMask = 2147483647;
			files = (
			);
			inputPaths = (
				"${PODS_PODFILE_DIR_PATH}/Podfile.lock",
				"${PODS_ROOT}/Manifest.lock",
			);
			name = "[CP] Check Pods Manifest.lock";
			outputPaths = (
				"$(DERIVED_FILE_DIR)/Pods-weebanalyserUITests-checkManifestLockResult.txt",
			);
			runOnlyForDeploymentPostprocessing = 0;
			shellPath = /bin/sh;
			shellScript = "diff \"${PODS_PODFILE_DIR_PATH}/Podfile.lock\" \"${PODS_ROOT}/Manifest.lock\" > /dev/null\nif [ $? != 0 ] ; then\n    # print error to STDERR\n    echo \"error: The sandbox is not in sync with the Podfile.lock. Run 'pod install' or update your CocoaPods installation.\" >&2\n    exit 1\nfi\n# This output is used by Xcode 'outputs' to avoid re-running this script phase.\necho \"SUCCESS\" > \"${SCRIPT_OUTPUT_FILE_0}\"\n";
			showEnvVarsInLog = 0;
		};
		4A41328B48DF065F0A0B435E /* [CP] Check Pods Manifest.lock */ = {
			isa = PBXShellScriptBuildPhase;
			buildActionMask = 2147483647;
			files = (
			);
			inputPaths = (
				"${PODS_PODFILE_DIR_PATH}/Podfile.lock",
				"${PODS_ROOT}/Manifest.lock",
			);
			name = "[CP] Check Pods Manifest.lock";
			outputPaths = (
				"$(DERIVED_FILE_DIR)/Pods-weebanalyser-checkManifestLockResult.txt",
			);
			runOnlyForDeploymentPostprocessing = 0;
			shellPath = /bin/sh;
			shellScript = "diff \"${PODS_PODFILE_DIR_PATH}/Podfile.lock\" \"${PODS_ROOT}/Manifest.lock\" > /dev/null\nif [ $? != 0 ] ; then\n    # print error to STDERR\n    echo \"error: The sandbox is not in sync with the Podfile.lock. Run 'pod install' or update your CocoaPods installation.\" >&2\n    exit 1\nfi\n# This output is used by Xcode 'outputs' to avoid re-running this script phase.\necho \"SUCCESS\" > \"${SCRIPT_OUTPUT_FILE_0}\"\n";
			showEnvVarsInLog = 0;
		};
		8C6D574DA671FDD380CF5A0B /* [CP] Check Pods Manifest.lock */ = {
			isa = PBXShellScriptBuildPhase;
			buildActionMask = 2147483647;
			files = (
			);
			inputPaths = (
				"${PODS_PODFILE_DIR_PATH}/Podfile.lock",
				"${PODS_ROOT}/Manifest.lock",
			);
			name = "[CP] Check Pods Manifest.lock";
			outputPaths = (
				"$(DERIVED_FILE_DIR)/Pods-weebanalyserTests-checkManifestLockResult.txt",
			);
			runOnlyForDeploymentPostprocessing = 0;
			shellPath = /bin/sh;
			shellScript = "diff \"${PODS_PODFILE_DIR_PATH}/Podfile.lock\" \"${PODS_ROOT}/Manifest.lock\" > /dev/null\nif [ $? != 0 ] ; then\n    # print error to STDERR\n    echo \"error: The sandbox is not in sync with the Podfile.lock. Run 'pod install' or update your CocoaPods installation.\" >&2\n    exit 1\nfi\n# This output is used by Xcode 'outputs' to avoid re-running this script phase.\necho \"SUCCESS\" > \"${SCRIPT_OUTPUT_FILE_0}\"\n";
			showEnvVarsInLog = 0;
		};
		A4BBD0E889221A24F01E4019 /* [CP] Embed Pods Frameworks */ = {
			isa = PBXShellScriptBuildPhase;
			buildActionMask = 2147483647;
			files = (
			);
			inputPaths = (
				"${SRCROOT}/Pods/Target Support Files/Pods-weebanalyser/Pods-weebanalyser-frameworks.sh",
				"${BUILT_PRODUCTS_DIR}/SwiftyXMLParser/SwiftyXMLParser.framework",
			);
			name = "[CP] Embed Pods Frameworks";
			outputPaths = (
				"${TARGET_BUILD_DIR}/${FRAMEWORKS_FOLDER_PATH}/SwiftyXMLParser.framework",
			);
			runOnlyForDeploymentPostprocessing = 0;
			shellPath = /bin/sh;
			shellScript = "\"${SRCROOT}/Pods/Target Support Files/Pods-weebanalyser/Pods-weebanalyser-frameworks.sh\"\n";
			showEnvVarsInLog = 0;
		};
/* End PBXShellScriptBuildPhase section */

/* Begin PBXSourcesBuildPhase section */
		18A35B69234B91F0006D55CF /* Sources */ = {
			isa = PBXSourcesBuildPhase;
			buildActionMask = 2147483647;
			files = (
				18A35B73234B91F0006D55CF /* ViewController.swift in Sources */,
				18A35B71234B91F0006D55CF /* AppDelegate.swift in Sources */,
				189A2BB2235D9926004921CE /* DetailsViewController.swift in Sources */,
			);
			runOnlyForDeploymentPostprocessing = 0;
		};
		18A35B7B234B91F2006D55CF /* Sources */ = {
			isa = PBXSourcesBuildPhase;
			buildActionMask = 2147483647;
			files = (
				18A35B84234B91F2006D55CF /* weebanalyserTests.swift in Sources */,
			);
			runOnlyForDeploymentPostprocessing = 0;
		};
		18A35B86234B91F2006D55CF /* Sources */ = {
			isa = PBXSourcesBuildPhase;
			buildActionMask = 2147483647;
			files = (
				18A35B8F234B91F2006D55CF /* weebanalyserUITests.swift in Sources */,
			);
			runOnlyForDeploymentPostprocessing = 0;
		};
/* End PBXSourcesBuildPhase section */

/* Begin PBXTargetDependency section */
		18A35B81234B91F2006D55CF /* PBXTargetDependency */ = {
			isa = PBXTargetDependency;
			target = 18A35B6C234B91F0006D55CF /* weebanalyser */;
			targetProxy = 18A35B80234B91F2006D55CF /* PBXContainerItemProxy */;
		};
		18A35B8C234B91F2006D55CF /* PBXTargetDependency */ = {
			isa = PBXTargetDependency;
			target = 18A35B6C234B91F0006D55CF /* weebanalyser */;
			targetProxy = 18A35B8B234B91F2006D55CF /* PBXContainerItemProxy */;
		};
/* End PBXTargetDependency section */

/* Begin XCBuildConfiguration section */
		18A35B91234B91F2006D55CF /* Debug */ = {
			isa = XCBuildConfiguration;
			buildSettings = {
				ALWAYS_SEARCH_USER_PATHS = NO;
				CLANG_ANALYZER_NONNULL = YES;
				CLANG_ANALYZER_NUMBER_OBJECT_CONVERSION = YES_AGGRESSIVE;
				CLANG_CXX_LANGUAGE_STANDARD = "gnu++14";
				CLANG_CXX_LIBRARY = "libc++";
				CLANG_ENABLE_MODULES = YES;
				CLANG_ENABLE_OBJC_ARC = YES;
				CLANG_ENABLE_OBJC_WEAK = YES;
				CLANG_WARN_BLOCK_CAPTURE_AUTORELEASING = YES;
				CLANG_WARN_BOOL_CONVERSION = YES;
				CLANG_WARN_COMMA = YES;
				CLANG_WARN_CONSTANT_CONVERSION = YES;
				CLANG_WARN_DEPRECATED_OBJC_IMPLEMENTATIONS = YES;
				CLANG_WARN_DIRECT_OBJC_ISA_USAGE = YES_ERROR;
				CLANG_WARN_DOCUMENTATION_COMMENTS = YES;
				CLANG_WARN_EMPTY_BODY = YES;
				CLANG_WARN_ENUM_CONVERSION = YES;
				CLANG_WARN_INFINITE_RECURSION = YES;
				CLANG_WARN_INT_CONVERSION = YES;
				CLANG_WARN_NON_LITERAL_NULL_CONVERSION = YES;
				CLANG_WARN_OBJC_IMPLICIT_RETAIN_SELF = YES;
				CLANG_WARN_OBJC_LITERAL_CONVERSION = YES;
				CLANG_WARN_OBJC_ROOT_CLASS = YES_ERROR;
				CLANG_WARN_RANGE_LOOP_ANALYSIS = YES;
				CLANG_WARN_STRICT_PROTOTYPES = YES;
				CLANG_WARN_SUSPICIOUS_MOVE = YES;
				CLANG_WARN_UNGUARDED_AVAILABILITY = YES_AGGRESSIVE;
				CLANG_WARN_UNREACHABLE_CODE = YES;
				CLANG_WARN__DUPLICATE_METHOD_MATCH = YES;
				COPY_PHASE_STRIP = NO;
				DEBUG_INFORMATION_FORMAT = dwarf;
				ENABLE_STRICT_OBJC_MSGSEND = YES;
				ENABLE_TESTABILITY = YES;
				GCC_C_LANGUAGE_STANDARD = gnu11;
				GCC_DYNAMIC_NO_PIC = NO;
				GCC_NO_COMMON_BLOCKS = YES;
				GCC_OPTIMIZATION_LEVEL = 0;
				GCC_PREPROCESSOR_DEFINITIONS = (
					"DEBUG=1",
					"$(inherited)",
				);
				GCC_WARN_64_TO_32_BIT_CONVERSION = YES;
				GCC_WARN_ABOUT_RETURN_TYPE = YES_ERROR;
				GCC_WARN_UNDECLARED_SELECTOR = YES;
				GCC_WARN_UNINITIALIZED_AUTOS = YES_AGGRESSIVE;
				GCC_WARN_UNUSED_FUNCTION = YES;
				GCC_WARN_UNUSED_VARIABLE = YES;
				MACOSX_DEPLOYMENT_TARGET = 10.14;
				MTL_ENABLE_DEBUG_INFO = INCLUDE_SOURCE;
				MTL_FAST_MATH = YES;
				ONLY_ACTIVE_ARCH = YES;
				SDKROOT = macosx;
				SWIFT_ACTIVE_COMPILATION_CONDITIONS = DEBUG;
				SWIFT_OPTIMIZATION_LEVEL = "-Onone";
			};
			name = Debug;
		};
		18A35B92234B91F2006D55CF /* Release */ = {
			isa = XCBuildConfiguration;
			buildSettings = {
				ALWAYS_SEARCH_USER_PATHS = NO;
				CLANG_ANALYZER_NONNULL = YES;
				CLANG_ANALYZER_NUMBER_OBJECT_CONVERSION = YES_AGGRESSIVE;
				CLANG_CXX_LANGUAGE_STANDARD = "gnu++14";
				CLANG_CXX_LIBRARY = "libc++";
				CLANG_ENABLE_MODULES = YES;
				CLANG_ENABLE_OBJC_ARC = YES;
				CLANG_ENABLE_OBJC_WEAK = YES;
				CLANG_WARN_BLOCK_CAPTURE_AUTORELEASING = YES;
				CLANG_WARN_BOOL_CONVERSION = YES;
				CLANG_WARN_COMMA = YES;
				CLANG_WARN_CONSTANT_CONVERSION = YES;
				CLANG_WARN_DEPRECATED_OBJC_IMPLEMENTATIONS = YES;
				CLANG_WARN_DIRECT_OBJC_ISA_USAGE = YES_ERROR;
				CLANG_WARN_DOCUMENTATION_COMMENTS = YES;
				CLANG_WARN_EMPTY_BODY = YES;
				CLANG_WARN_ENUM_CONVERSION = YES;
				CLANG_WARN_INFINITE_RECURSION = YES;
				CLANG_WARN_INT_CONVERSION = YES;
				CLANG_WARN_NON_LITERAL_NULL_CONVERSION = YES;
				CLANG_WARN_OBJC_IMPLICIT_RETAIN_SELF = YES;
				CLANG_WARN_OBJC_LITERAL_CONVERSION = YES;
				CLANG_WARN_OBJC_ROOT_CLASS = YES_ERROR;
				CLANG_WARN_RANGE_LOOP_ANALYSIS = YES;
				CLANG_WARN_STRICT_PROTOTYPES = YES;
				CLANG_WARN_SUSPICIOUS_MOVE = YES;
				CLANG_WARN_UNGUARDED_AVAILABILITY = YES_AGGRESSIVE;
				CLANG_WARN_UNREACHABLE_CODE = YES;
				CLANG_WARN__DUPLICATE_METHOD_MATCH = YES;
				COPY_PHASE_STRIP = NO;
				DEBUG_INFORMATION_FORMAT = "dwarf-with-dsym";
				ENABLE_NS_ASSERTIONS = NO;
				ENABLE_STRICT_OBJC_MSGSEND = YES;
				GCC_C_LANGUAGE_STANDARD = gnu11;
				GCC_NO_COMMON_BLOCKS = YES;
				GCC_WARN_64_TO_32_BIT_CONVERSION = YES;
				GCC_WARN_ABOUT_RETURN_TYPE = YES_ERROR;
				GCC_WARN_UNDECLARED_SELECTOR = YES;
				GCC_WARN_UNINITIALIZED_AUTOS = YES_AGGRESSIVE;
				GCC_WARN_UNUSED_FUNCTION = YES;
				GCC_WARN_UNUSED_VARIABLE = YES;
				MACOSX_DEPLOYMENT_TARGET = 10.14;
				MTL_ENABLE_DEBUG_INFO = NO;
				MTL_FAST_MATH = YES;
				SDKROOT = macosx;
				SWIFT_COMPILATION_MODE = wholemodule;
				SWIFT_OPTIMIZATION_LEVEL = "-O";
			};
			name = Release;
		};
		18A35B94234B91F2006D55CF /* Debug */ = {
			isa = XCBuildConfiguration;
			baseConfigurationReference = 48CB7F8F34C197CD24EF1381 /* Pods-weebanalyser.debug.xcconfig */;
			buildSettings = {
				ASSETCATALOG_COMPILER_APPICON_NAME = AppIcon;
				CODE_SIGN_ENTITLEMENTS = weebanalyser/weebanalyser.entitlements;
				CODE_SIGN_IDENTITY = "-";
				CODE_SIGN_STYLE = Automatic;
				COMBINE_HIDPI_IMAGES = YES;
				INFOPLIST_FILE = weebanalyser/Info.plist;
				LD_RUNPATH_SEARCH_PATHS = (
					"$(inherited)",
					"@executable_path/../Frameworks",
				);
				PRODUCT_BUNDLE_IDENTIFIER = yaroster.weebanalyser;
				PRODUCT_NAME = "$(TARGET_NAME)";
				SWIFT_VERSION = 5.0;
			};
			name = Debug;
		};
		18A35B95234B91F2006D55CF /* Release */ = {
			isa = XCBuildConfiguration;
			baseConfigurationReference = 45AA26DF3C63400501ACCCE8 /* Pods-weebanalyser.release.xcconfig */;
			buildSettings = {
				ASSETCATALOG_COMPILER_APPICON_NAME = AppIcon;
				CODE_SIGN_ENTITLEMENTS = weebanalyser/weebanalyser.entitlements;
				CODE_SIGN_IDENTITY = "-";
				CODE_SIGN_STYLE = Automatic;
				COMBINE_HIDPI_IMAGES = YES;
				INFOPLIST_FILE = weebanalyser/Info.plist;
				LD_RUNPATH_SEARCH_PATHS = (
					"$(inherited)",
					"@executable_path/../Frameworks",
				);
				PRODUCT_BUNDLE_IDENTIFIER = yaroster.weebanalyser;
				PRODUCT_NAME = "$(TARGET_NAME)";
				SWIFT_VERSION = 5.0;
			};
			name = Release;
		};
		18A35B97234B91F2006D55CF /* Debug */ = {
			isa = XCBuildConfiguration;
			baseConfigurationReference = F612E290D0C611E22530BFA0 /* Pods-weebanalyserTests.debug.xcconfig */;
			buildSettings = {
				ALWAYS_EMBED_SWIFT_STANDARD_LIBRARIES = YES;
				BUNDLE_LOADER = "$(TEST_HOST)";
				CODE_SIGN_STYLE = Automatic;
				COMBINE_HIDPI_IMAGES = YES;
				INFOPLIST_FILE = weebanalyserTests/Info.plist;
				LD_RUNPATH_SEARCH_PATHS = (
					"$(inherited)",
					"@executable_path/../Frameworks",
					"@loader_path/../Frameworks",
				);
				MACOSX_DEPLOYMENT_TARGET = 10.14;
				PRODUCT_BUNDLE_IDENTIFIER = yaroster.weebanalyserTests;
				PRODUCT_NAME = "$(TARGET_NAME)";
				SWIFT_VERSION = 5.0;
				TEST_HOST = "$(BUILT_PRODUCTS_DIR)/weebanalyser.app/Contents/MacOS/weebanalyser";
			};
			name = Debug;
		};
		18A35B98234B91F2006D55CF /* Release */ = {
			isa = XCBuildConfiguration;
			baseConfigurationReference = E74C58167727C0996F6EE8C2 /* Pods-weebanalyserTests.release.xcconfig */;
			buildSettings = {
				ALWAYS_EMBED_SWIFT_STANDARD_LIBRARIES = YES;
				BUNDLE_LOADER = "$(TEST_HOST)";
				CODE_SIGN_STYLE = Automatic;
				COMBINE_HIDPI_IMAGES = YES;
				INFOPLIST_FILE = weebanalyserTests/Info.plist;
				LD_RUNPATH_SEARCH_PATHS = (
					"$(inherited)",
					"@executable_path/../Frameworks",
					"@loader_path/../Frameworks",
				);
				MACOSX_DEPLOYMENT_TARGET = 10.14;
				PRODUCT_BUNDLE_IDENTIFIER = yaroster.weebanalyserTests;
				PRODUCT_NAME = "$(TARGET_NAME)";
				SWIFT_VERSION = 5.0;
				TEST_HOST = "$(BUILT_PRODUCTS_DIR)/weebanalyser.app/Contents/MacOS/weebanalyser";
			};
			name = Release;
		};
		18A35B9A234B91F2006D55CF /* Debug */ = {
			isa = XCBuildConfiguration;
			baseConfigurationReference = C721AE187EF1536E2F33363F /* Pods-weebanalyserUITests.debug.xcconfig */;
			buildSettings = {
				ALWAYS_EMBED_SWIFT_STANDARD_LIBRARIES = YES;
				CODE_SIGN_STYLE = Automatic;
				COMBINE_HIDPI_IMAGES = YES;
				INFOPLIST_FILE = weebanalyserUITests/Info.plist;
				LD_RUNPATH_SEARCH_PATHS = (
					"$(inherited)",
					"@executable_path/../Frameworks",
					"@loader_path/../Frameworks",
				);
				PRODUCT_BUNDLE_IDENTIFIER = yaroster.weebanalyserUITests;
				PRODUCT_NAME = "$(TARGET_NAME)";
				SWIFT_VERSION = 5.0;
				TEST_TARGET_NAME = weebanalyser;
			};
			name = Debug;
		};
		18A35B9B234B91F2006D55CF /* Release */ = {
			isa = XCBuildConfiguration;
			baseConfigurationReference = A75D36FC84AFA32CF4F097E0 /* Pods-weebanalyserUITests.release.xcconfig */;
			buildSettings = {
				ALWAYS_EMBED_SWIFT_STANDARD_LIBRARIES = YES;
				CODE_SIGN_STYLE = Automatic;
				COMBINE_HIDPI_IMAGES = YES;
				INFOPLIST_FILE = weebanalyserUITests/Info.plist;
				LD_RUNPATH_SEARCH_PATHS = (
					"$(inherited)",
					"@executable_path/../Frameworks",
					"@loader_path/../Frameworks",
				);
				PRODUCT_BUNDLE_IDENTIFIER = yaroster.weebanalyserUITests;
				PRODUCT_NAME = "$(TARGET_NAME)";
				SWIFT_VERSION = 5.0;
				TEST_TARGET_NAME = weebanalyser;
			};
			name = Release;
		};
/* End XCBuildConfiguration section */

/* Begin XCConfigurationList section */
		18A35B68234B91F0006D55CF /* Build configuration list for PBXProject "weebanalyser" */ = {
			isa = XCConfigurationList;
			buildConfigurations = (
				18A35B91234B91F2006D55CF /* Debug */,
				18A35B92234B91F2006D55CF /* Release */,
			);
			defaultConfigurationIsVisible = 0;
			defaultConfigurationName = Release;
		};
		18A35B93234B91F2006D55CF /* Build configuration list for PBXNativeTarget "weebanalyser" */ = {
			isa = XCConfigurationList;
			buildConfigurations = (
				18A35B94234B91F2006D55CF /* Debug */,
				18A35B95234B91F2006D55CF /* Release */,
			);
			defaultConfigurationIsVisible = 0;
			defaultConfigurationName = Release;
		};
		18A35B96234B91F2006D55CF /* Build configuration list for PBXNativeTarget "weebanalyserTests" */ = {
			isa = XCConfigurationList;
			buildConfigurations = (
				18A35B97234B91F2006D55CF /* Debug */,
				18A35B98234B91F2006D55CF /* Release */,
			);
			defaultConfigurationIsVisible = 0;
			defaultConfigurationName = Release;
		};
		18A35B99234B91F2006D55CF /* Build configuration list for PBXNativeTarget "weebanalyserUITests" */ = {
			isa = XCConfigurationList;
			buildConfigurations = (
				18A35B9A234B91F2006D55CF /* Debug */,
				18A35B9B234B91F2006D55CF /* Release */,
			);
			defaultConfigurationIsVisible = 0;
			defaultConfigurationName = Release;
		};
/* End XCConfigurationList section */
	};
	rootObject = 18A35B65234B91F0006D55CF /* Project object */;
}
