// !$*UTF8*$!
{
	archiveVersion = 1;
	classes = {
	};
	objectVersion = 51;
	objects = {

/* Begin PBXBuildFile section */
		18259199235A3C3900F09650 /* Main.storyboard in Resources */ = {isa = PBXBuildFile; fileRef = 18259198235A3C3900F09650 /* Main.storyboard */; };
		1825919A235A3C3900F09650 /* Main.storyboard in Resources */ = {isa = PBXBuildFile; fileRef = 18259198235A3C3900F09650 /* Main.storyboard */; };
		1825919B235A3C3900F09650 /* Main.storyboard in Resources */ = {isa = PBXBuildFile; fileRef = 18259198235A3C3900F09650 /* Main.storyboard */; };
		189A2BB2235D9926004921CE /* DetailsViewController.swift in Sources */ = {isa = PBXBuildFile; fileRef = 189A2BB1235D9926004921CE /* DetailsViewController.swift */; };
		18A35B71234B91F0006D55CF /* AppDelegate.swift in Sources */ = {isa = PBXBuildFile; fileRef = 18A35B70234B91F0006D55CF /* AppDelegate.swift */; };
		18A35B73234B91F0006D55CF /* ViewController.swift in Sources */ = {isa = PBXBuildFile; fileRef = 18A35B72234B91F0006D55CF /* ViewController.swift */; };
		18A35B75234B91F2006D55CF /* Assets.xcassets in Resources */ = {isa = PBXBuildFile; fileRef = 18A35B74234B91F2006D55CF /* Assets.xcassets */; };
		5C2683A370B13B8844A38797 /* Pods_weebanalyserTests.framework in Frameworks */ = {isa = PBXBuildFile; fileRef = E7082BEF5CE1200F1F69FF6E /* Pods_weebanalyserTests.framework */; };
		6FE137662C903C5F88A21C13 /* Pods_weebanalyser_weebanalyserUITests.framework in Frameworks */ = {isa = PBXBuildFile; fileRef = 40D04C340545557EDB70DA5C /* Pods_weebanalyser_weebanalyserUITests.framework */; };
		C8A96588A7EEA71493DC7117 /* Pods_weebanalyser.framework in Frameworks */ = {isa = PBXBuildFile; fileRef = EB238280B60BA03350A63D3D /* Pods_weebanalyser.framework */; };
/* End PBXBuildFile section */

/* Begin PBXContainerItemProxy section */
		18A35B80234B91F2006D55CF /* PBXContainerItemProxy */ = {
			isa = PBXContainerItemProxy;
			containerPortal = 18A35B65234B91F0006D55CF /* Project object */;
			proxyType = 1;
			remoteGlobalIDString = 18A35B6C234B91F0006D55CF;
			remoteInfo = weebanalyser;
		};
		18A35B8B234B91F2006D55CF /* PBXContainerItemProxy */ = {
			isa = PBXContainerItemProxy;
			containerPortal = 18A35B65234B91F0006D55CF /* Project object */;
			proxyType = 1;
			remoteGlobalIDString = 18A35B6C234B91F0006D55CF;
			remoteInfo = weebanalyser;
		};
/* End PBXContainerItemProxy section */

/* Begin PBXFileReference section */
		082046D42F112CF47599E0D2 /* Pods-weebanalyser.release.xcconfig */ = {isa = PBXFileReference; includeInIndex = 1; lastKnownFileType = text.xcconfig; name = "Pods-weebanalyser.release.xcconfig"; path = "Target Support Files/Pods-weebanalyser/Pods-weebanalyser.release.xcconfig"; sourceTree = "<group>"; };
		13551A1810BFB60329E876D6 /* Pods-weebanalyserTests.debug.xcconfig */ = {isa = PBXFileReference; includeInIndex = 1; lastKnownFileType = text.xcconfig; name = "Pods-weebanalyserTests.debug.xcconfig"; path = "Target Support Files/Pods-weebanalyserTests/Pods-weebanalyserTests.debug.xcconfig"; sourceTree = "<group>"; };
		18259198235A3C3900F09650 /* Main.storyboard */ = {isa = PBXFileReference; fileEncoding = 4; lastKnownFileType = file.storyboard; path = Main.storyboard; sourceTree = SOURCE_ROOT; };
		189A2BB1235D9926004921CE /* DetailsViewController.swift */ = {isa = PBXFileReference; fileEncoding = 4; lastKnownFileType = sourcecode.swift; path = DetailsViewController.swift; sourceTree = "<group>"; };
		18A35B6D234B91F0006D55CF /* weebanalyser.app */ = {isa = PBXFileReference; explicitFileType = wrapper.application; includeInIndex = 0; path = weebanalyser.app; sourceTree = BUILT_PRODUCTS_DIR; };
		18A35B70234B91F0006D55CF /* AppDelegate.swift */ = {isa = PBXFileReference; lastKnownFileType = sourcecode.swift; path = AppDelegate.swift; sourceTree = "<group>"; };
		18A35B72234B91F0006D55CF /* ViewController.swift */ = {isa = PBXFileReference; lastKnownFileType = sourcecode.swift; path = ViewController.swift; sourceTree = "<group>"; };
		18A35B74234B91F2006D55CF /* Assets.xcassets */ = {isa = PBXFileReference; lastKnownFileType = folder.assetcatalog; path = Assets.xcassets; sourceTree = "<group>"; };
		18A35B79234B91F2006D55CF /* Info.plist */ = {isa = PBXFileReference; lastKnownFileType = text.plist.xml; path = Info.plist; sourceTree = "<group>"; };
		18A35B7A234B91F2006D55CF /* weebanalyser.entitlements */ = {isa = PBXFileReference; lastKnownFileType = text.plist.entitlements; path = weebanalyser.entitlements; sourceTree = "<group>"; };
		18A35B7F234B91F2006D55CF /* weebanalyserTests.xctest */ = {isa = PBXFileReference; explicitFileType = wrapper.cfbundle; includeInIndex = 0; path = weebanalyserTests.xctest; sourceTree = BUILT_PRODUCTS_DIR; };
		18A35B8A234B91F2006D55CF /* weebanalyserUITests.xctest */ = {isa = PBXFileReference; explicitFileType = wrapper.cfbundle; includeInIndex = 0; path = weebanalyserUITests.xctest; sourceTree = BUILT_PRODUCTS_DIR; };
		40D04C340545557EDB70DA5C /* Pods_weebanalyser_weebanalyserUITests.framework */ = {isa = PBXFileReference; explicitFileType = wrapper.framework; includeInIndex = 0; path = Pods_weebanalyser_weebanalyserUITests.framework; sourceTree = BUILT_PRODUCTS_DIR; };
		5D7E1D3D43D30EB13074F589 /* Pods-weebanalyser-weebanalyserUITests.debug.xcconfig */ = {isa = PBXFileReference; includeInIndex = 1; lastKnownFileType = text.xcconfig; name = "Pods-weebanalyser-weebanalyserUITests.debug.xcconfig"; path = "Target Support Files/Pods-weebanalyser-weebanalyserUITests/Pods-weebanalyser-weebanalyserUITests.debug.xcconfig"; sourceTree = "<group>"; };
		B16AD46D68BB512BAB58F697 /* Pods-weebanalyserTests.release.xcconfig */ = {isa = PBXFileReference; includeInIndex = 1; lastKnownFileType = text.xcconfig; name = "Pods-weebanalyserTests.release.xcconfig"; path = "Target Support Files/Pods-weebanalyserTests/Pods-weebanalyserTests.release.xcconfig"; sourceTree = "<group>"; };
		C7175D90E381979AC2E67FB5 /* Pods-weebanalyser.debug.xcconfig */ = {isa = PBXFileReference; includeInIndex = 1; lastKnownFileType = text.xcconfig; name = "Pods-weebanalyser.debug.xcconfig"; path = "Target Support Files/Pods-weebanalyser/Pods-weebanalyser.debug.xcconfig"; sourceTree = "<group>"; };
		DF606E687A4032270F54398F /* Pods-weebanalyser-weebanalyserUITests.release.xcconfig */ = {isa = PBXFileReference; includeInIndex = 1; lastKnownFileType = text.xcconfig; name = "Pods-weebanalyser-weebanalyserUITests.release.xcconfig"; path = "Target Support Files/Pods-weebanalyser-weebanalyserUITests/Pods-weebanalyser-weebanalyserUITests.release.xcconfig"; sourceTree = "<group>"; };
		E7082BEF5CE1200F1F69FF6E /* Pods_weebanalyserTests.framework */ = {isa = PBXFileReference; explicitFileType = wrapper.framework; includeInIndex = 0; path = Pods_weebanalyserTests.framework; sourceTree = BUILT_PRODUCTS_DIR; };
		EB238280B60BA03350A63D3D /* Pods_weebanalyser.framework */ = {isa = PBXFileReference; explicitFileType = wrapper.framework; includeInIndex = 0; path = Pods_weebanalyser.framework; sourceTree = BUILT_PRODUCTS_DIR; };
/* End PBXFileReference section */

/* Begin PBXFrameworksBuildPhase section */
		18A35B6A234B91F0006D55CF /* Frameworks */ = {
			isa = PBXFrameworksBuildPhase;
			buildActionMask = 2147483647;
			files = (
				C8A96588A7EEA71493DC7117 /* Pods_weebanalyser.framework in Frameworks */,
			);
			runOnlyForDeploymentPostprocessing = 0;
		};
		18A35B7C234B91F2006D55CF /* Frameworks */ = {
			isa = PBXFrameworksBuildPhase;
			buildActionMask = 2147483647;
			files = (
				5C2683A370B13B8844A38797 /* Pods_weebanalyserTests.framework in Frameworks */,
			);
			runOnlyForDeploymentPostprocessing = 0;
		};
		18A35B87234B91F2006D55CF /* Frameworks */ = {
			isa = PBXFrameworksBuildPhase;
			buildActionMask = 2147483647;
			files = (
				6FE137662C903C5F88A21C13 /* Pods_weebanalyser_weebanalyserUITests.framework in Frameworks */,
			);
			runOnlyForDeploymentPostprocessing = 0;
		};
/* End PBXFrameworksBuildPhase section */

/* Begin PBXGroup section */
		18A35B64234B91F0006D55CF = {
			isa = PBXGroup;
			children = (
				18A35B6F234B91F0006D55CF /* weebanalyser */,
				18A35B6E234B91F0006D55CF /* Products */,
				55F3487859F5DB14C7CD0C36 /* Pods */,
				4B496758F20718BEFB437197 /* Frameworks */,
			);
			sourceTree = "<group>";
		};
		18A35B6E234B91F0006D55CF /* Products */ = {
			isa = PBXGroup;
			children = (
				18A35B6D234B91F0006D55CF /* weebanalyser.app */,
				18A35B7F234B91F2006D55CF /* weebanalyserTests.xctest */,
				18A35B8A234B91F2006D55CF /* weebanalyserUITests.xctest */,
			);
			name = Products;
			sourceTree = "<group>";
		};
		18A35B6F234B91F0006D55CF /* weebanalyser */ = {
			isa = PBXGroup;
			children = (
				18A35B70234B91F0006D55CF /* AppDelegate.swift */,
				18A35B72234B91F0006D55CF /* ViewController.swift */,
				189A2BB1235D9926004921CE /* DetailsViewController.swift */,
				18A35B74234B91F2006D55CF /* Assets.xcassets */,
				18A35B79234B91F2006D55CF /* Info.plist */,
				18A35B7A234B91F2006D55CF /* weebanalyser.entitlements */,
				18259198235A3C3900F09650 /* Main.storyboard */,
			);
			path = weebanalyser;
			sourceTree = "<group>";
		};
		4B496758F20718BEFB437197 /* Frameworks */ = {
			isa = PBXGroup;
			children = (
				EB238280B60BA03350A63D3D /* Pods_weebanalyser.framework */,
				40D04C340545557EDB70DA5C /* Pods_weebanalyser_weebanalyserUITests.framework */,
				E7082BEF5CE1200F1F69FF6E /* Pods_weebanalyserTests.framework */,
			);
			name = Frameworks;
			sourceTree = "<group>";
		};
		55F3487859F5DB14C7CD0C36 /* Pods */ = {
			isa = PBXGroup;
			children = (
				C7175D90E381979AC2E67FB5 /* Pods-weebanalyser.debug.xcconfig */,
				082046D42F112CF47599E0D2 /* Pods-weebanalyser.release.xcconfig */,
				5D7E1D3D43D30EB13074F589 /* Pods-weebanalyser-weebanalyserUITests.debug.xcconfig */,
				DF606E687A4032270F54398F /* Pods-weebanalyser-weebanalyserUITests.release.xcconfig */,
				13551A1810BFB60329E876D6 /* Pods-weebanalyserTests.debug.xcconfig */,
				B16AD46D68BB512BAB58F697 /* Pods-weebanalyserTests.release.xcconfig */,
			);
			path = Pods;
			sourceTree = "<group>";
		};
/* End PBXGroup section */

/* Begin PBXNativeTarget section */
		18A35B6C234B91F0006D55CF /* weebanalyser */ = {
			isa = PBXNativeTarget;
			buildConfigurationList = 18A35B93234B91F2006D55CF /* Build configuration list for PBXNativeTarget "weebanalyser" */;
			buildPhases = (
				5984F43A70D4D6A1E9A85A08 /* [CP] Check Pods Manifest.lock */,
				18A35B69234B91F0006D55CF /* Sources */,
				18A35B6A234B91F0006D55CF /* Frameworks */,
				18A35B6B234B91F0006D55CF /* Resources */,
				FD8B144CD270E48FFE4349F5 /* [CP] Embed Pods Frameworks */,
			);
			buildRules = (
			);
			dependencies = (
			);
			name = weebanalyser;
			productName = weebanalyser;
			productReference = 18A35B6D234B91F0006D55CF /* weebanalyser.app */;
			productType = "com.apple.product-type.application";
		};
		18A35B7E234B91F2006D55CF /* weebanalyserTests */ = {
			isa = PBXNativeTarget;
			buildConfigurationList = 18A35B96234B91F2006D55CF /* Build configuration list for PBXNativeTarget "weebanalyserTests" */;
			buildPhases = (
				6EBD90894492FF337FDC7A4D /* [CP] Check Pods Manifest.lock */,
				18A35B7B234B91F2006D55CF /* Sources */,
				18A35B7C234B91F2006D55CF /* Frameworks */,
				18A35B7D234B91F2006D55CF /* Resources */,
			);
			buildRules = (
			);
			dependencies = (
				18A35B81234B91F2006D55CF /* PBXTargetDependency */,
			);
			name = weebanalyserTests;
			productName = weebanalyserTests;
			productReference = 18A35B7F234B91F2006D55CF /* weebanalyserTests.xctest */;
			productType = "com.apple.product-type.bundle.unit-test";
		};
		18A35B89234B91F2006D55CF /* weebanalyserUITests */ = {
			isa = PBXNativeTarget;
			buildConfigurationList = 18A35B99234B91F2006D55CF /* Build configuration list for PBXNativeTarget "weebanalyserUITests" */;
			buildPhases = (
				B5F2C0E01DFBC549058DA797 /* [CP] Check Pods Manifest.lock */,
				18A35B86234B91F2006D55CF /* Sources */,
				18A35B87234B91F2006D55CF /* Frameworks */,
				18A35B88234B91F2006D55CF /* Resources */,
				8D6EFA2B5EFC426D1C1DC878 /* [CP] Embed Pods Frameworks */,
			);
			buildRules = (
			);
			dependencies = (
				18A35B8C234B91F2006D55CF /* PBXTargetDependency */,
			);
			name = weebanalyserUITests;
			productName = weebanalyserUITests;
			productReference = 18A35B8A234B91F2006D55CF /* weebanalyserUITests.xctest */;
			productType = "com.apple.product-type.bundle.ui-testing";
		};
/* End PBXNativeTarget section */

/* Begin PBXProject section */
		18A35B65234B91F0006D55CF /* Project object */ = {
			isa = PBXProject;
			attributes = {
				LastSwiftUpdateCheck = 1100;
				LastUpgradeCheck = 1200;
				ORGANIZATIONNAME = Yaroster;
				TargetAttributes = {
					18A35B6C234B91F0006D55CF = {
						CreatedOnToolsVersion = 11.0;
					};
					18A35B7E234B91F2006D55CF = {
						CreatedOnToolsVersion = 11.0;
						TestTargetID = 18A35B6C234B91F0006D55CF;
					};
					18A35B89234B91F2006D55CF = {
						CreatedOnToolsVersion = 11.0;
						TestTargetID = 18A35B6C234B91F0006D55CF;
					};
				};
			};
			buildConfigurationList = 18A35B68234B91F0006D55CF /* Build configuration list for PBXProject "weebanalyser" */;
			compatibilityVersion = "Xcode 9.3";
			developmentRegion = en;
			hasScannedForEncodings = 0;
			knownRegions = (
				en,
				Base,
			);
			mainGroup = 18A35B64234B91F0006D55CF;
			productRefGroup = 18A35B6E234B91F0006D55CF /* Products */;
			projectDirPath = "";
			projectRoot = "";
			targets = (
				18A35B6C234B91F0006D55CF /* weebanalyser */,
				18A35B7E234B91F2006D55CF /* weebanalyserTests */,
				18A35B89234B91F2006D55CF /* weebanalyserUITests */,
			);
		};
/* End PBXProject section */

/* Begin PBXResourcesBuildPhase section */
		18A35B6B234B91F0006D55CF /* Resources */ = {
			isa = PBXResourcesBuildPhase;
			buildActionMask = 2147483647;
			files = (
				18A35B75234B91F2006D55CF /* Assets.xcassets in Resources */,
				18259199235A3C3900F09650 /* Main.storyboard in Resources */,
			);
			runOnlyForDeploymentPostprocessing = 0;
		};
		18A35B7D234B91F2006D55CF /* Resources */ = {
			isa = PBXResourcesBuildPhase;
			buildActionMask = 2147483647;
			files = (
				1825919A235A3C3900F09650 /* Main.storyboard in Resources */,
			);
			runOnlyForDeploymentPostprocessing = 0;
		};
		18A35B88234B91F2006D55CF /* Resources */ = {
			isa = PBXResourcesBuildPhase;
			buildActionMask = 2147483647;
			files = (
				1825919B235A3C3900F09650 /* Main.storyboard in Resources */,
			);
			runOnlyForDeploymentPostprocessing = 0;
		};
/* End PBXResourcesBuildPhase section */

/* Begin PBXShellScriptBuildPhase section */
		5984F43A70D4D6A1E9A85A08 /* [CP] Check Pods Manifest.lock */ = {
			isa = PBXShellScriptBuildPhase;
			buildActionMask = 2147483647;
			files = (
			);
			inputFileListPaths = (
			);
			inputPaths = (
				"${PODS_PODFILE_DIR_PATH}/Podfile.lock",
				"${PODS_ROOT}/Manifest.lock",
			);
			name = "[CP] Check Pods Manifest.lock";
			outputFileListPaths = (
			);
			outputPaths = (
				"$(DERIVED_FILE_DIR)/Pods-weebanalyser-checkManifestLockResult.txt",
			);
			runOnlyForDeploymentPostprocessing = 0;
			shellPath = /bin/sh;
			shellScript = "diff \"${PODS_PODFILE_DIR_PATH}/Podfile.lock\" \"${PODS_ROOT}/Manifest.lock\" > /dev/null\nif [ $? != 0 ] ; then\n    # print error to STDERR\n    echo \"error: The sandbox is not in sync with the Podfile.lock. Run 'pod install' or update your CocoaPods installation.\" >&2\n    exit 1\nfi\n# This output is used by Xcode 'outputs' to avoid re-running this script phase.\necho \"SUCCESS\" > \"${SCRIPT_OUTPUT_FILE_0}\"\n";
			showEnvVarsInLog = 0;
		};
		6EBD90894492FF337FDC7A4D /* [CP] Check Pods Manifest.lock */ = {
			isa = PBXShellScriptBuildPhase;
			buildActionMask = 2147483647;
			files = (
			);
			inputFileListPaths = (
			);
			inputPaths = (
				"${PODS_PODFILE_DIR_PATH}/Podfile.lock",
				"${PODS_ROOT}/Manifest.lock",
			);
			name = "[CP] Check Pods Manifest.lock";
			outputFileListPaths = (
			);
			outputPaths = (
				"$(DERIVED_FILE_DIR)/Pods-weebanalyserTests-checkManifestLockResult.txt",
			);
			runOnlyForDeploymentPostprocessing = 0;
			shellPath = /bin/sh;
			shellScript = "diff \"${PODS_PODFILE_DIR_PATH}/Podfile.lock\" \"${PODS_ROOT}/Manifest.lock\" > /dev/null\nif [ $? != 0 ] ; then\n    # print error to STDERR\n    echo \"error: The sandbox is not in sync with the Podfile.lock. Run 'pod install' or update your CocoaPods installation.\" >&2\n    exit 1\nfi\n# This output is used by Xcode 'outputs' to avoid re-running this script phase.\necho \"SUCCESS\" > \"${SCRIPT_OUTPUT_FILE_0}\"\n";
			showEnvVarsInLog = 0;
		};
		8D6EFA2B5EFC426D1C1DC878 /* [CP] Embed Pods Frameworks */ = {
			isa = PBXShellScriptBuildPhase;
			buildActionMask = 2147483647;
			files = (
			);
			inputFileListPaths = (
				"${PODS_ROOT}/Target Support Files/Pods-weebanalyser-weebanalyserUITests/Pods-weebanalyser-weebanalyserUITests-frameworks-${CONFIGURATION}-input-files.xcfilelist",
			);
			name = "[CP] Embed Pods Frameworks";
			outputFileListPaths = (
				"${PODS_ROOT}/Target Support Files/Pods-weebanalyser-weebanalyserUITests/Pods-weebanalyser-weebanalyserUITests-frameworks-${CONFIGURATION}-output-files.xcfilelist",
			);
			runOnlyForDeploymentPostprocessing = 0;
			shellPath = /bin/sh;
			shellScript = "\"${PODS_ROOT}/Target Support Files/Pods-weebanalyser-weebanalyserUITests/Pods-weebanalyser-weebanalyserUITests-frameworks.sh\"\n";
			showEnvVarsInLog = 0;
		};
		B5F2C0E01DFBC549058DA797 /* [CP] Check Pods Manifest.lock */ = {
			isa = PBXShellScriptBuildPhase;
			buildActionMask = 2147483647;
			files = (
			);
			inputFileListPaths = (
			);
			inputPaths = (
				"${PODS_PODFILE_DIR_PATH}/Podfile.lock",
				"${PODS_ROOT}/Manifest.lock",
			);
			name = "[CP] Check Pods Manifest.lock";
			outputFileListPaths = (
			);
			outputPaths = (
				"$(DERIVED_FILE_DIR)/Pods-weebanalyser-weebanalyserUITests-checkManifestLockResult.txt",
			);
			runOnlyForDeploymentPostprocessing = 0;
			shellPath = /bin/sh;
			shellScript = "diff \"${PODS_PODFILE_DIR_PATH}/Podfile.lock\" \"${PODS_ROOT}/Manifest.lock\" > /dev/null\nif [ $? != 0 ] ; then\n    # print error to STDERR\n    echo \"error: The sandbox is not in sync with the Podfile.lock. Run 'pod install' or update your CocoaPods installation.\" >&2\n    exit 1\nfi\n# This output is used by Xcode 'outputs' to avoid re-running this script phase.\necho \"SUCCESS\" > \"${SCRIPT_OUTPUT_FILE_0}\"\n";
			showEnvVarsInLog = 0;
		};
		FD8B144CD270E48FFE4349F5 /* [CP] Embed Pods Frameworks */ = {
			isa = PBXShellScriptBuildPhase;
			buildActionMask = 2147483647;
			files = (
			);
			inputFileListPaths = (
				"${PODS_ROOT}/Target Support Files/Pods-weebanalyser/Pods-weebanalyser-frameworks-${CONFIGURATION}-input-files.xcfilelist",
			);
			name = "[CP] Embed Pods Frameworks";
			outputFileListPaths = (
				"${PODS_ROOT}/Target Support Files/Pods-weebanalyser/Pods-weebanalyser-frameworks-${CONFIGURATION}-output-files.xcfilelist",
			);
			runOnlyForDeploymentPostprocessing = 0;
			shellPath = /bin/sh;
			shellScript = "\"${PODS_ROOT}/Target Support Files/Pods-weebanalyser/Pods-weebanalyser-frameworks.sh\"\n";
			showEnvVarsInLog = 0;
		};
/* End PBXShellScriptBuildPhase section */

/* Begin PBXSourcesBuildPhase section */
		18A35B69234B91F0006D55CF /* Sources */ = {
			isa = PBXSourcesBuildPhase;
			buildActionMask = 2147483647;
			files = (
				18A35B73234B91F0006D55CF /* ViewController.swift in Sources */,
				18A35B71234B91F0006D55CF /* AppDelegate.swift in Sources */,
				189A2BB2235D9926004921CE /* DetailsViewController.swift in Sources */,
			);
			runOnlyForDeploymentPostprocessing = 0;
		};
		18A35B7B234B91F2006D55CF /* Sources */ = {
			isa = PBXSourcesBuildPhase;
			buildActionMask = 2147483647;
			files = (
			);
			runOnlyForDeploymentPostprocessing = 0;
		};
		18A35B86234B91F2006D55CF /* Sources */ = {
			isa = PBXSourcesBuildPhase;
			buildActionMask = 2147483647;
			files = (
			);
			runOnlyForDeploymentPostprocessing = 0;
		};
/* End PBXSourcesBuildPhase section */

/* Begin PBXTargetDependency section */
		18A35B81234B91F2006D55CF /* PBXTargetDependency */ = {
			isa = PBXTargetDependency;
			target = 18A35B6C234B91F0006D55CF /* weebanalyser */;
			targetProxy = 18A35B80234B91F2006D55CF /* PBXContainerItemProxy */;
		};
		18A35B8C234B91F2006D55CF /* PBXTargetDependency */ = {
			isa = PBXTargetDependency;
			target = 18A35B6C234B91F0006D55CF /* weebanalyser */;
			targetProxy = 18A35B8B234B91F2006D55CF /* PBXContainerItemProxy */;
		};
/* End PBXTargetDependency section */

/* Begin XCBuildConfiguration section */
		18A35B91234B91F2006D55CF /* Debug */ = {
			isa = XCBuildConfiguration;
			buildSettings = {
				ALWAYS_SEARCH_USER_PATHS = NO;
				CLANG_ANALYZER_NONNULL = YES;
				CLANG_ANALYZER_NUMBER_OBJECT_CONVERSION = YES_AGGRESSIVE;
				CLANG_CXX_LANGUAGE_STANDARD = "gnu++14";
				CLANG_CXX_LIBRARY = "libc++";
				CLANG_ENABLE_MODULES = YES;
				CLANG_ENABLE_OBJC_ARC = YES;
				CLANG_ENABLE_OBJC_WEAK = YES;
				CLANG_WARN_BLOCK_CAPTURE_AUTORELEASING = YES;
				CLANG_WARN_BOOL_CONVERSION = YES;
				CLANG_WARN_COMMA = YES;
				CLANG_WARN_CONSTANT_CONVERSION = YES;
				CLANG_WARN_DEPRECATED_OBJC_IMPLEMENTATIONS = YES;
				CLANG_WARN_DIRECT_OBJC_ISA_USAGE = YES_ERROR;
				CLANG_WARN_DOCUMENTATION_COMMENTS = YES;
				CLANG_WARN_EMPTY_BODY = YES;
				CLANG_WARN_ENUM_CONVERSION = YES;
				CLANG_WARN_INFINITE_RECURSION = YES;
				CLANG_WARN_INT_CONVERSION = YES;
				CLANG_WARN_NON_LITERAL_NULL_CONVERSION = YES;
				CLANG_WARN_OBJC_IMPLICIT_RETAIN_SELF = YES;
				CLANG_WARN_OBJC_LITERAL_CONVERSION = YES;
				CLANG_WARN_OBJC_ROOT_CLASS = YES_ERROR;
				CLANG_WARN_QUOTED_INCLUDE_IN_FRAMEWORK_HEADER = YES;
				CLANG_WARN_RANGE_LOOP_ANALYSIS = YES;
				CLANG_WARN_STRICT_PROTOTYPES = YES;
				CLANG_WARN_SUSPICIOUS_MOVE = YES;
				CLANG_WARN_UNGUARDED_AVAILABILITY = YES_AGGRESSIVE;
				CLANG_WARN_UNREACHABLE_CODE = YES;
				CLANG_WARN__DUPLICATE_METHOD_MATCH = YES;
				COPY_PHASE_STRIP = NO;
				DEBUG_INFORMATION_FORMAT = dwarf;
				ENABLE_STRICT_OBJC_MSGSEND = YES;
				ENABLE_TESTABILITY = YES;
				GCC_C_LANGUAGE_STANDARD = gnu11;
				GCC_DYNAMIC_NO_PIC = NO;
				GCC_NO_COMMON_BLOCKS = YES;
				GCC_OPTIMIZATION_LEVEL = 0;
				GCC_PREPROCESSOR_DEFINITIONS = (
					"DEBUG=1",
					"$(inherited)",
				);
				GCC_WARN_64_TO_32_BIT_CONVERSION = YES;
				GCC_WARN_ABOUT_RETURN_TYPE = YES_ERROR;
				GCC_WARN_UNDECLARED_SELECTOR = YES;
				GCC_WARN_UNINITIALIZED_AUTOS = YES_AGGRESSIVE;
				GCC_WARN_UNUSED_FUNCTION = YES;
				GCC_WARN_UNUSED_VARIABLE = YES;
				MACOSX_DEPLOYMENT_TARGET = 10.14;
				MTL_ENABLE_DEBUG_INFO = INCLUDE_SOURCE;
				MTL_FAST_MATH = YES;
				ONLY_ACTIVE_ARCH = YES;
				SDKROOT = macosx;
				SWIFT_ACTIVE_COMPILATION_CONDITIONS = DEBUG;
				SWIFT_OPTIMIZATION_LEVEL = "-Onone";
			};
			name = Debug;
		};
		18A35B92234B91F2006D55CF /* Release */ = {
			isa = XCBuildConfiguration;
			buildSettings = {
				ALWAYS_SEARCH_USER_PATHS = NO;
				CLANG_ANALYZER_NONNULL = YES;
				CLANG_ANALYZER_NUMBER_OBJECT_CONVERSION = YES_AGGRESSIVE;
				CLANG_CXX_LANGUAGE_STANDARD = "gnu++14";
				CLANG_CXX_LIBRARY = "libc++";
				CLANG_ENABLE_MODULES = YES;
				CLANG_ENABLE_OBJC_ARC = YES;
				CLANG_ENABLE_OBJC_WEAK = YES;
				CLANG_WARN_BLOCK_CAPTURE_AUTORELEASING = YES;
				CLANG_WARN_BOOL_CONVERSION = YES;
				CLANG_WARN_COMMA = YES;
				CLANG_WARN_CONSTANT_CONVERSION = YES;
				CLANG_WARN_DEPRECATED_OBJC_IMPLEMENTATIONS = YES;
				CLANG_WARN_DIRECT_OBJC_ISA_USAGE = YES_ERROR;
				CLANG_WARN_DOCUMENTATION_COMMENTS = YES;
				CLANG_WARN_EMPTY_BODY = YES;
				CLANG_WARN_ENUM_CONVERSION = YES;
				CLANG_WARN_INFINITE_RECURSION = YES;
				CLANG_WARN_INT_CONVERSION = YES;
				CLANG_WARN_NON_LITERAL_NULL_CONVERSION = YES;
				CLANG_WARN_OBJC_IMPLICIT_RETAIN_SELF = YES;
				CLANG_WARN_OBJC_LITERAL_CONVERSION = YES;
				CLANG_WARN_OBJC_ROOT_CLASS = YES_ERROR;
				CLANG_WARN_QUOTED_INCLUDE_IN_FRAMEWORK_HEADER = YES;
				CLANG_WARN_RANGE_LOOP_ANALYSIS = YES;
				CLANG_WARN_STRICT_PROTOTYPES = YES;
				CLANG_WARN_SUSPICIOUS_MOVE = YES;
				CLANG_WARN_UNGUARDED_AVAILABILITY = YES_AGGRESSIVE;
				CLANG_WARN_UNREACHABLE_CODE = YES;
				CLANG_WARN__DUPLICATE_METHOD_MATCH = YES;
				COPY_PHASE_STRIP = NO;
				DEBUG_INFORMATION_FORMAT = "dwarf-with-dsym";
				ENABLE_NS_ASSERTIONS = NO;
				ENABLE_STRICT_OBJC_MSGSEND = YES;
				GCC_C_LANGUAGE_STANDARD = gnu11;
				GCC_NO_COMMON_BLOCKS = YES;
				GCC_WARN_64_TO_32_BIT_CONVERSION = YES;
				GCC_WARN_ABOUT_RETURN_TYPE = YES_ERROR;
				GCC_WARN_UNDECLARED_SELECTOR = YES;
				GCC_WARN_UNINITIALIZED_AUTOS = YES_AGGRESSIVE;
				GCC_WARN_UNUSED_FUNCTION = YES;
				GCC_WARN_UNUSED_VARIABLE = YES;
				MACOSX_DEPLOYMENT_TARGET = 10.14;
				MTL_ENABLE_DEBUG_INFO = NO;
				MTL_FAST_MATH = YES;
				SDKROOT = macosx;
				SWIFT_COMPILATION_MODE = wholemodule;
				SWIFT_OPTIMIZATION_LEVEL = "-O";
			};
			name = Release;
		};
		18A35B94234B91F2006D55CF /* Debug */ = {
			isa = XCBuildConfiguration;
			baseConfigurationReference = C7175D90E381979AC2E67FB5 /* Pods-weebanalyser.debug.xcconfig */;
			buildSettings = {
				ASSETCATALOG_COMPILER_APPICON_NAME = AppIcon;
				CODE_SIGN_ENTITLEMENTS = weebanalyser/weebanalyser.entitlements;
				CODE_SIGN_IDENTITY = "-";
				CODE_SIGN_STYLE = Automatic;
				COMBINE_HIDPI_IMAGES = YES;
				INFOPLIST_FILE = weebanalyser/Info.plist;
				LD_RUNPATH_SEARCH_PATHS = (
					"$(inherited)",
					"@executable_path/../Frameworks",
				);
				PRODUCT_BUNDLE_IDENTIFIER = yaroster.weebanalyser;
				PRODUCT_NAME = "$(TARGET_NAME)";
				SWIFT_VERSION = 5.0;
			};
			name = Debug;
		};
		18A35B95234B91F2006D55CF /* Release */ = {
			isa = XCBuildConfiguration;
			baseConfigurationReference = 082046D42F112CF47599E0D2 /* Pods-weebanalyser.release.xcconfig */;
			buildSettings = {
				ASSETCATALOG_COMPILER_APPICON_NAME = AppIcon;
				CODE_SIGN_ENTITLEMENTS = weebanalyser/weebanalyser.entitlements;
				CODE_SIGN_IDENTITY = "-";
				CODE_SIGN_STYLE = Automatic;
				COMBINE_HIDPI_IMAGES = YES;
				INFOPLIST_FILE = weebanalyser/Info.plist;
				LD_RUNPATH_SEARCH_PATHS = (
					"$(inherited)",
					"@executable_path/../Frameworks",
				);
				PRODUCT_BUNDLE_IDENTIFIER = yaroster.weebanalyser;
				PRODUCT_NAME = "$(TARGET_NAME)";
				SWIFT_VERSION = 5.0;
			};
			name = Release;
		};
		18A35B97234B91F2006D55CF /* Debug */ = {
			isa = XCBuildConfiguration;
			baseConfigurationReference = 13551A1810BFB60329E876D6 /* Pods-weebanalyserTests.debug.xcconfig */;
			buildSettings = {
				ALWAYS_EMBED_SWIFT_STANDARD_LIBRARIES = YES;
				BUNDLE_LOADER = "$(TEST_HOST)";
				CODE_SIGN_STYLE = Automatic;
				COMBINE_HIDPI_IMAGES = YES;
				INFOPLIST_FILE = weebanalyserTests/Info.plist;
				LD_RUNPATH_SEARCH_PATHS = (
					"$(inherited)",
					"@executable_path/../Frameworks",
					"@loader_path/../Frameworks",
				);
				MACOSX_DEPLOYMENT_TARGET = 10.14;
				PRODUCT_BUNDLE_IDENTIFIER = yaroster.weebanalyserTests;
				PRODUCT_NAME = "$(TARGET_NAME)";
				SWIFT_VERSION = 5.0;
				TEST_HOST = "$(BUILT_PRODUCTS_DIR)/weebanalyser.app/Contents/MacOS/weebanalyser";
			};
			name = Debug;
		};
		18A35B98234B91F2006D55CF /* Release */ = {
			isa = XCBuildConfiguration;
			baseConfigurationReference = B16AD46D68BB512BAB58F697 /* Pods-weebanalyserTests.release.xcconfig */;
			buildSettings = {
				ALWAYS_EMBED_SWIFT_STANDARD_LIBRARIES = YES;
				BUNDLE_LOADER = "$(TEST_HOST)";
				CODE_SIGN_STYLE = Automatic;
				COMBINE_HIDPI_IMAGES = YES;
				INFOPLIST_FILE = weebanalyserTests/Info.plist;
				LD_RUNPATH_SEARCH_PATHS = (
					"$(inherited)",
					"@executable_path/../Frameworks",
					"@loader_path/../Frameworks",
				);
				MACOSX_DEPLOYMENT_TARGET = 10.14;
				PRODUCT_BUNDLE_IDENTIFIER = yaroster.weebanalyserTests;
				PRODUCT_NAME = "$(TARGET_NAME)";
				SWIFT_VERSION = 5.0;
				TEST_HOST = "$(BUILT_PRODUCTS_DIR)/weebanalyser.app/Contents/MacOS/weebanalyser";
			};
			name = Release;
		};
		18A35B9A234B91F2006D55CF /* Debug */ = {
			isa = XCBuildConfiguration;
			baseConfigurationReference = 5D7E1D3D43D30EB13074F589 /* Pods-weebanalyser-weebanalyserUITests.debug.xcconfig */;
			buildSettings = {
				ALWAYS_EMBED_SWIFT_STANDARD_LIBRARIES = YES;
				CODE_SIGN_STYLE = Automatic;
				COMBINE_HIDPI_IMAGES = YES;
				INFOPLIST_FILE = weebanalyserUITests/Info.plist;
				LD_RUNPATH_SEARCH_PATHS = (
					"$(inherited)",
					"@executable_path/../Frameworks",
					"@loader_path/../Frameworks",
				);
				PRODUCT_BUNDLE_IDENTIFIER = yaroster.weebanalyserUITests;
				PRODUCT_NAME = "$(TARGET_NAME)";
				SWIFT_VERSION = 5.0;
				TEST_TARGET_NAME = weebanalyser;
			};
			name = Debug;
		};
		18A35B9B234B91F2006D55CF /* Release */ = {
			isa = XCBuildConfiguration;
			baseConfigurationReference = DF606E687A4032270F54398F /* Pods-weebanalyser-weebanalyserUITests.release.xcconfig */;
			buildSettings = {
				ALWAYS_EMBED_SWIFT_STANDARD_LIBRARIES = YES;
				CODE_SIGN_STYLE = Automatic;
				COMBINE_HIDPI_IMAGES = YES;
				INFOPLIST_FILE = weebanalyserUITests/Info.plist;
				LD_RUNPATH_SEARCH_PATHS = (
					"$(inherited)",
					"@executable_path/../Frameworks",
					"@loader_path/../Frameworks",
				);
				PRODUCT_BUNDLE_IDENTIFIER = yaroster.weebanalyserUITests;
				PRODUCT_NAME = "$(TARGET_NAME)";
				SWIFT_VERSION = 5.0;
				TEST_TARGET_NAME = weebanalyser;
			};
			name = Release;
		};
/* End XCBuildConfiguration section */

/* Begin XCConfigurationList section */
		18A35B68234B91F0006D55CF /* Build configuration list for PBXProject "weebanalyser" */ = {
			isa = XCConfigurationList;
			buildConfigurations = (
				18A35B91234B91F2006D55CF /* Debug */,
				18A35B92234B91F2006D55CF /* Release */,
			);
			defaultConfigurationIsVisible = 0;
			defaultConfigurationName = Release;
		};
		18A35B93234B91F2006D55CF /* Build configuration list for PBXNativeTarget "weebanalyser" */ = {
			isa = XCConfigurationList;
			buildConfigurations = (
				18A35B94234B91F2006D55CF /* Debug */,
				18A35B95234B91F2006D55CF /* Release */,
			);
			defaultConfigurationIsVisible = 0;
			defaultConfigurationName = Release;
		};
		18A35B96234B91F2006D55CF /* Build configuration list for PBXNativeTarget "weebanalyserTests" */ = {
			isa = XCConfigurationList;
			buildConfigurations = (
				18A35B97234B91F2006D55CF /* Debug */,
				18A35B98234B91F2006D55CF /* Release */,
			);
			defaultConfigurationIsVisible = 0;
			defaultConfigurationName = Release;
		};
		18A35B99234B91F2006D55CF /* Build configuration list for PBXNativeTarget "weebanalyserUITests" */ = {
			isa = XCConfigurationList;
			buildConfigurations = (
				18A35B9A234B91F2006D55CF /* Debug */,
				18A35B9B234B91F2006D55CF /* Release */,
			);
			defaultConfigurationIsVisible = 0;
			defaultConfigurationName = Release;
		};
/* End XCConfigurationList section */
	};
	rootObject = 18A35B65234B91F0006D55CF /* Project object */;
}
